PODS:
  - WGBRepairedOrientationLabel (1.0.0)

DEPENDENCIES:
  - WGBRepairedOrientationLabel (from `../`)

EXTERNAL SOURCES:
  WGBRepairedOrientationLabel:
    :path: "../"

SPEC CHECKSUMS:
  WGBRepairedOrientationLabel: 236b72d5b8ff84c4feba50bda0a109de143c6064

PODFILE CHECKSUM: d06b2971c3f06377cce9915adb525dbd5ed78bab

COCOAPODS: 1.7.5
